
Microsoft Visual Studio Solution File, Format Version 12.00
Project("{FAE04EC0-301F-11D3-BF4B-00C04F79EFBC}") = "Zadatak01", "Zadatak01\Zadatak01.csproj", "{D2FB9B77-4B2A-4E10-A64F-DE8BF8FE49F2}"
EndProject
Project("{2150E333-8FDC-42A3-9474-1A3956D46DE8}") = "Vjezbe05", "Vjezbe05", "{3D933097-8A65-490F-A25E-3B0FB6B86787}"
EndProject
Project("{FAE04EC0-301F-11D3-BF4B-00C04F79EFBC}") = "Zadatak02", "Zadatak02\Zadatak02.csproj", "{36F7E18C-F30B-44D7-A54E-C8115698814B}"
EndProject
Project("{2150E333-8FDC-42A3-9474-1A3956D46DE8}") = "Vjezbe06", "Vjezbe06", "{73F11A56-D093-4D93-9CA5-34F9DA683C40}"
EndProject
Project("{FAE04EC0-301F-11D3-BF4B-00C04F79EFBC}") = "Zadatak03", "Vjezbe06\Zadatak03\Zadatak03.csproj", "{97D6EBF3-5D6B-4598-9099-7D785E09D050}"
EndProject
Project("{FAE04EC0-301F-11D3-BF4B-00C04F79EFBC}") = "Zadatak04", "Vjezbe05\Zadatak04\Zadatak04.csproj", "{7E7D9587-9429-481F-8AD4-17A5DDDB063C}"
EndProject
Project("{2150E333-8FDC-42A3-9474-1A3956D46DE8}") = "Vjezbe01", "Vjezbe01", "{543B24B3-EF69-4D14-BB8B-D7956FE5990C}"
EndProject
Project("{FAE04EC0-301F-11D3-BF4B-00C04F79EFBC}") = "Zadatak01", "Vjezbe06\Zadatak01\Zadatak01.csproj", "{0E2704D6-E8E0-44CC-B37C-D009D99B05FA}"
EndProject
Project("{2150E333-8FDC-42A3-9474-1A3956D46DE8}") = "Vjezbe11", "Vjezbe11", "{B014DD95-6B2C-405F-A272-E6326629E8D2}"
EndProject
Project("{FAE04EC0-301F-11D3-BF4B-00C04F79EFBC}") = "Zadatak01", "Vjezbe11\Zadatak01\Zadatak01.csproj", "{14788043-1BB7-42A4-B815-6778C3902D17}"
EndProject
Global
	GlobalSection(SolutionConfigurationPlatforms) = preSolution
		Debug|Any CPU = Debug|Any CPU
		Release|Any CPU = Release|Any CPU
	EndGlobalSection
	GlobalSection(ProjectConfigurationPlatforms) = postSolution
		{D2FB9B77-4B2A-4E10-A64F-DE8BF8FE49F2}.Debug|Any CPU.ActiveCfg = Debug|Any CPU
		{D2FB9B77-4B2A-4E10-A64F-DE8BF8FE49F2}.Debug|Any CPU.Build.0 = Debug|Any CPU
		{D2FB9B77-4B2A-4E10-A64F-DE8BF8FE49F2}.Release|Any CPU.ActiveCfg = Release|Any CPU
		{D2FB9B77-4B2A-4E10-A64F-DE8BF8FE49F2}.Release|Any CPU.Build.0 = Release|Any CPU
		{36F7E18C-F30B-44D7-A54E-C8115698814B}.Debug|Any CPU.ActiveCfg = Debug|Any CPU
		{36F7E18C-F30B-44D7-A54E-C8115698814B}.Debug|Any CPU.Build.0 = Debug|Any CPU
		{36F7E18C-F30B-44D7-A54E-C8115698814B}.Release|Any CPU.ActiveCfg = Release|Any CPU
		{36F7E18C-F30B-44D7-A54E-C8115698814B}.Release|Any CPU.Build.0 = Release|Any CPU
		{97D6EBF3-5D6B-4598-9099-7D785E09D050}.Debug|Any CPU.ActiveCfg = Debug|Any CPU
		{97D6EBF3-5D6B-4598-9099-7D785E09D050}.Debug|Any CPU.Build.0 = Debug|Any CPU
		{97D6EBF3-5D6B-4598-9099-7D785E09D050}.Release|Any CPU.ActiveCfg = Release|Any CPU
		{97D6EBF3-5D6B-4598-9099-7D785E09D050}.Release|Any CPU.Build.0 = Release|Any CPU
		{7E7D9587-9429-481F-8AD4-17A5DDDB063C}.Debug|Any CPU.ActiveCfg = Debug|Any CPU
		{7E7D9587-9429-481F-8AD4-17A5DDDB063C}.Debug|Any CPU.Build.0 = Debug|Any CPU
		{7E7D9587-9429-481F-8AD4-17A5DDDB063C}.Release|Any CPU.ActiveCfg = Release|Any CPU
		{7E7D9587-9429-481F-8AD4-17A5DDDB063C}.Release|Any CPU.Build.0 = Release|Any CPU
		{0E2704D6-E8E0-44CC-B37C-D009D99B05FA}.Debug|Any CPU.ActiveCfg = Debug|Any CPU
		{0E2704D6-E8E0-44CC-B37C-D009D99B05FA}.Debug|Any CPU.Build.0 = Debug|Any CPU
		{0E2704D6-E8E0-44CC-B37C-D009D99B05FA}.Release|Any CPU.ActiveCfg = Release|Any CPU
		{0E2704D6-E8E0-44CC-B37C-D009D99B05FA}.Release|Any CPU.Build.0 = Release|Any CPU
		{14788043-1BB7-42A4-B815-6778C3902D17}.Debug|Any CPU.ActiveCfg = Debug|Any CPU
		{14788043-1BB7-42A4-B815-6778C3902D17}.Debug|Any CPU.Build.0 = Debug|Any CPU
		{14788043-1BB7-42A4-B815-6778C3902D17}.Release|Any CPU.ActiveCfg = Release|Any CPU
		{14788043-1BB7-42A4-B815-6778C3902D17}.Release|Any CPU.Build.0 = Release|Any CPU
	EndGlobalSection
	GlobalSection(NestedProjects) = preSolution
		{D2FB9B77-4B2A-4E10-A64F-DE8BF8FE49F2} = {3D933097-8A65-490F-A25E-3B0FB6B86787}
		{36F7E18C-F30B-44D7-A54E-C8115698814B} = {3D933097-8A65-490F-A25E-3B0FB6B86787}
		{7E7D9587-9429-481F-8AD4-17A5DDDB063C} = {3D933097-8A65-490F-A25E-3B0FB6B86787}
		{97D6EBF3-5D6B-4598-9099-7D785E09D050} = {3D933097-8A65-490F-A25E-3B0FB6B86787}
		{0E2704D6-E8E0-44CC-B37C-D009D99B05FA} = {73F11A56-D093-4D93-9CA5-34F9DA683C40}
		{14788043-1BB7-42A4-B815-6778C3902D17} = {B014DD95-6B2C-405F-A272-E6326629E8D2}
	EndGlobalSection
EndGlobal
